Microsoft Visual Studio Solution File, Format Version 12.00
# Visual Studio Version 17
VisualStudioVersion = 17.0.31903.59
MinimumVisualStudioVersion = 10.0.40219.1
Project("{FAE04EC0-301F-11D3-BF4B-00C04F79EFBC}") = "Form4Checker.App", "src\Form4Checker.App\Form4Checker.App.csproj", "{A8F6F81F-7D41-4C77-A1FD-64575BC2E1F1}"
EndProject
Project("{FAE04EC0-301F-11D3-BF4B-00C04F79EFBC}") = "Form4Checker.Core", "src\Form4Checker.Core\Form4Checker.Core.csproj", "{43A82319-BA79-4B07-8EAA-01A02F2B7C49}"
EndProject
Project("{FAE04EC0-301F-11D3-BF4B-00C04F79EFBC}") = "Form4Checker.Extraction", "src\Form4Checker.Extraction\Form4Checker.Extraction.csproj", "{F93D49C4-14EE-48D0-AC17-F796BD387E36}"
EndProject
Project("{FAE04EC0-301F-11D3-BF4B-00C04F79EFBC}") = "Form4Checker.Reporting", "src\Form4Checker.Reporting\Form4Checker.Reporting.csproj", "{26C1549B-E70E-4921-8480-290080472BD9}"
EndProject
Project("{FAE04EC0-301F-11D3-BF4B-00C04F79EFBC}") = "Form4Checker.Security", "src\Form4Checker.Security\Form4Checker.Security.csproj", "{60C655F2-9553-46EF-AC18-02F21E47CD47}"
EndProject
Project("{FAE04EC0-301F-11D3-BF4B-00C04F79EFBC}") = "Form4Checker.Packaging", "src\Form4Checker.Packaging\Form4Checker.Packaging.csproj", "{2E171501-734E-44F1-8729-B8EAB60A32E0}"
EndProject
Project("{FAE04EC0-301F-11D3-BF4B-00C04F79EFBC}") = "Form4Checker.Core.Tests", "tests\Form4Checker.Core.Tests\Form4Checker.Core.Tests.csproj", "{4317245F-D34B-4A59-9721-8799B4895DD1}"
EndProject
Project("{FAE04EC0-301F-11D3-BF4B-00C04F79EFBC}") = "Form4Checker.Extraction.Tests", "tests\Form4Checker.Extraction.Tests\Form4Checker.Extraction.Tests.csproj", "{8DCA5B2B-5C55-45D6-9846-86F21108A126}"
EndProject
Project("{FAE04EC0-301F-11D3-BF4B-00C04F79EFBC}") = "Form4Checker.Reporting.Tests", "tests\Form4Checker.Reporting.Tests\Form4Checker.Reporting.Tests.csproj", "{D06040F8-87E8-4E36-97C1-4B014781FB7D}"
EndProject
Project("{FAE04EC0-301F-11D3-BF4B-00C04F79EFBC}") = "Form4Checker.Security.Tests", "tests\Form4Checker.Security.Tests\Form4Checker.Security.Tests.csproj", "{BB8E1E3B-4538-4E07-8EA2-7B10B5360A59}"
EndProject
Project("{FAE04EC0-301F-11D3-BF4B-00C04F79EFBC}") = "Form4Checker.GoldenTests", "tests\Form4Checker.GoldenTests\Form4Checker.GoldenTests.csproj", "{6AAAF21C-A2E7-47FB-A550-4250A35EDC0C}"
EndProject
Global
	GlobalSection(SolutionConfigurationPlatforms) = preSolution
		Debug|Any CPU = Debug|Any CPU
		Release|Any CPU = Release|Any CPU
	EndGlobalSection
	GlobalSection(ProjectConfigurationPlatforms) = postSolution
		{A8F6F81F-7D41-4C77-A1FD-64575BC2E1F1}.Debug|Any CPU.ActiveCfg = Debug|Any CPU
		{A8F6F81F-7D41-4C77-A1FD-64575BC2E1F1}.Debug|Any CPU.Build.0 = Debug|Any CPU
		{A8F6F81F-7D41-4C77-A1FD-64575BC2E1F1}.Release|Any CPU.ActiveCfg = Release|Any CPU
		{A8F6F81F-7D41-4C77-A1FD-64575BC2E1F1}.Release|Any CPU.Build.0 = Release|Any CPU
		{43A82319-BA79-4B07-8EAA-01A02F2B7C49}.Debug|Any CPU.ActiveCfg = Debug|Any CPU
		{43A82319-BA79-4B07-8EAA-01A02F2B7C49}.Debug|Any CPU.Build.0 = Debug|Any CPU
		{43A82319-BA79-4B07-8EAA-01A02F2B7C49}.Release|Any CPU.ActiveCfg = Release|Any CPU
		{43A82319-BA79-4B07-8EAA-01A02F2B7C49}.Release|Any CPU.Build.0 = Release|Any CPU
		{F93D49C4-14EE-48D0-AC17-F796BD387E36}.Debug|Any CPU.ActiveCfg = Debug|Any CPU
		{F93D49C4-14EE-48D0-AC17-F796BD387E36}.Debug|Any CPU.Build.0 = Debug|Any CPU
		{F93D49C4-14EE-48D0-AC17-F796BD387E36}.Release|Any CPU.ActiveCfg = Release|Any CPU
		{F93D49C4-14EE-48D0-AC17-F796BD387E36}.Release|Any CPU.Build.0 = Release|Any CPU
		{26C1549B-E70E-4921-8480-290080472BD9}.Debug|Any CPU.ActiveCfg = Debug|Any CPU
		{26C1549B-E70E-4921-8480-290080472BD9}.Debug|Any CPU.Build.0 = Debug|Any CPU
		{26C1549B-E70E-4921-8480-290080472BD9}.Release|Any CPU.ActiveCfg = Release|Any CPU
		{26C1549B-E70E-4921-8480-290080472BD9}.Release|Any CPU.Build.0 = Release|Any CPU
		{60C655F2-9553-46EF-AC18-02F21E47CD47}.Debug|Any CPU.ActiveCfg = Debug|Any CPU
		{60C655F2-9553-46EF-AC18-02F21E47CD47}.Debug|Any CPU.Build.0 = Debug|Any CPU
		{60C655F2-9553-46EF-AC18-02F21E47CD47}.Release|Any CPU.ActiveCfg = Release|Any CPU
		{60C655F2-9553-46EF-AC18-02F21E47CD47}.Release|Any CPU.Build.0 = Release|Any CPU
		{2E171501-734E-44F1-8729-B8EAB60A32E0}.Debug|Any CPU.ActiveCfg = Debug|Any CPU
		{2E171501-734E-44F1-8729-B8EAB60A32E0}.Debug|Any CPU.Build.0 = Debug|Any CPU
		{2E171501-734E-44F1-8729-B8EAB60A32E0}.Release|Any CPU.ActiveCfg = Release|Any CPU
		{2E171501-734E-44F1-8729-B8EAB60A32E0}.Release|Any CPU.Build.0 = Release|Any CPU
		{4317245F-D34B-4A59-9721-8799B4895DD1}.Debug|Any CPU.ActiveCfg = Debug|Any CPU
		{4317245F-D34B-4A59-9721-8799B4895DD1}.Debug|Any CPU.Build.0 = Debug|Any CPU
		{4317245F-D34B-4A59-9721-8799B4895DD1}.Release|Any CPU.ActiveCfg = Release|Any CPU
		{4317245F-D34B-4A59-9721-8799B4895DD1}.Release|Any CPU.Build.0 = Release|Any CPU
		{8DCA5B2B-5C55-45D6-9846-86F21108A126}.Debug|Any CPU.ActiveCfg = Debug|Any CPU
		{8DCA5B2B-5C55-45D6-9846-86F21108A126}.Debug|Any CPU.Build.0 = Debug|Any CPU
		{8DCA5B2B-5C55-45D6-9846-86F21108A126}.Release|Any CPU.ActiveCfg = Release|Any CPU
		{8DCA5B2B-5C55-45D6-9846-86F21108A126}.Release|Any CPU.Build.0 = Release|Any CPU
		{D06040F8-87E8-4E36-97C1-4B014781FB7D}.Debug|Any CPU.ActiveCfg = Debug|Any CPU
		{D06040F8-87E8-4E36-97C1-4B014781FB7D}.Debug|Any CPU.Build.0 = Debug|Any CPU
		{D06040F8-87E8-4E36-97C1-4B014781FB7D}.Release|Any CPU.ActiveCfg = Release|Any CPU
		{D06040F8-87E8-4E36-97C1-4B014781FB7D}.Release|Any CPU.Build.0 = Release|Any CPU
		{BB8E1E3B-4538-4E07-8EA2-7B10B5360A59}.Debug|Any CPU.ActiveCfg = Debug|Any CPU
		{BB8E1E3B-4538-4E07-8EA2-7B10B5360A59}.Debug|Any CPU.Build.0 = Debug|Any CPU
		{BB8E1E3B-4538-4E07-8EA2-7B10B5360A59}.Release|Any CPU.ActiveCfg = Release|Any CPU
		{BB8E1E3B-4538-4E07-8EA2-7B10B5360A59}.Release|Any CPU.Build.0 = Release|Any CPU
		{6AAAF21C-A2E7-47FB-A550-4250A35EDC0C}.Debug|Any CPU.ActiveCfg = Debug|Any CPU
		{6AAAF21C-A2E7-47FB-A550-4250A35EDC0C}.Debug|Any CPU.Build.0 = Debug|Any CPU
		{6AAAF21C-A2E7-47FB-A550-4250A35EDC0C}.Release|Any CPU.ActiveCfg = Release|Any CPU
		{6AAAF21C-A2E7-47FB-A550-4250A35EDC0C}.Release|Any CPU.Build.0 = Release|Any CPU
	EndGlobalSection
EndGlobal

